
Microsoft Visual Studio Solution File, Format Version 12.00
# Visual Studio Version 17
VisualStudioVersion = 17.14.36414.22 d17.14
MinimumVisualStudioVersion = 10.0.40219.1
Project("{FAE04EC0-301F-11D3-BF4B-00C04F79EFBC}") = "Task6 GPT", "Task6 GPT.csproj", "{2748EFEE-A881-4A17-AE4E-EF2D43A2E699}"
EndProject
Global
	GlobalSection(SolutionConfigurationPlatforms) = preSolution
		Debug|Any CPU = Debug|Any CPU
		Release|Any CPU = Release|Any CPU
	EndGlobalSection
	GlobalSection(ProjectConfigurationPlatforms) = postSolution
		{2748EFEE-A881-4A17-AE4E-EF2D43A2E699}.Debug|Any CPU.ActiveCfg = Debug|Any CPU
		{2748EFEE-A881-4A17-AE4E-EF2D43A2E699}.Debug|Any CPU.Build.0 = Debug|Any CPU
		{2748EFEE-A881-4A17-AE4E-EF2D43A2E699}.Release|Any CPU.ActiveCfg = Release|Any CPU
		{2748EFEE-A881-4A17-AE4E-EF2D43A2E699}.Release|Any CPU.Build.0 = Release|Any CPU
	EndGlobalSection
	GlobalSection(SolutionProperties) = preSolution
		HideSolutionNode = FALSE
	EndGlobalSection
	GlobalSection(ExtensibilityGlobals) = postSolution
		SolutionGuid = {2D3271AB-C419-44E4-B322-FDEB49BFE307}
	EndGlobalSection
EndGlobal
