
Microsoft Visual Studio Solution File, Format Version 12.00
# Visual Studio Version 17
VisualStudioVersion = 17.14.36414.22 d17.14
MinimumVisualStudioVersion = 10.0.40219.1
Project("{FAE04EC0-301F-11D3-BF4B-00C04F79EFBC}") = "InClassExample1", "InClassExample1.csproj", "{FE9454CE-3A8D-4F59-BF93-5CD46099AD0D}"
EndProject
Global
	GlobalSection(SolutionConfigurationPlatforms) = preSolution
		Debug|Any CPU = Debug|Any CPU
		Release|Any CPU = Release|Any CPU
	EndGlobalSection
	GlobalSection(ProjectConfigurationPlatforms) = postSolution
		{FE9454CE-3A8D-4F59-BF93-5CD46099AD0D}.Debug|Any CPU.ActiveCfg = Debug|Any CPU
		{FE9454CE-3A8D-4F59-BF93-5CD46099AD0D}.Debug|Any CPU.Build.0 = Debug|Any CPU
		{FE9454CE-3A8D-4F59-BF93-5CD46099AD0D}.Release|Any CPU.ActiveCfg = Release|Any CPU
		{FE9454CE-3A8D-4F59-BF93-5CD46099AD0D}.Release|Any CPU.Build.0 = Release|Any CPU
	EndGlobalSection
	GlobalSection(SolutionProperties) = preSolution
		HideSolutionNode = FALSE
	EndGlobalSection
	GlobalSection(ExtensibilityGlobals) = postSolution
		SolutionGuid = {3D614748-575A-41F4-8478-EE649C34CF0D}
	EndGlobalSection
EndGlobal
