
Microsoft Visual Studio Solution File, Format Version 12.00
# Visual Studio Version 17
VisualStudioVersion = 17.14.36414.22 d17.14
MinimumVisualStudioVersion = 10.0.40219.1
Project("{FAE04EC0-301F-11D3-BF4B-00C04F79EFBC}") = "Practice1", "Practice1.csproj", "{65AAA372-2F94-408F-9651-0686E24CB74B}"
EndProject
Global
	GlobalSection(SolutionConfigurationPlatforms) = preSolution
		Debug|Any CPU = Debug|Any CPU
		Release|Any CPU = Release|Any CPU
	EndGlobalSection
	GlobalSection(ProjectConfigurationPlatforms) = postSolution
		{65AAA372-2F94-408F-9651-0686E24CB74B}.Debug|Any CPU.ActiveCfg = Debug|Any CPU
		{65AAA372-2F94-408F-9651-0686E24CB74B}.Debug|Any CPU.Build.0 = Debug|Any CPU
		{65AAA372-2F94-408F-9651-0686E24CB74B}.Release|Any CPU.ActiveCfg = Release|Any CPU
		{65AAA372-2F94-408F-9651-0686E24CB74B}.Release|Any CPU.Build.0 = Release|Any CPU
	EndGlobalSection
	GlobalSection(SolutionProperties) = preSolution
		HideSolutionNode = FALSE
	EndGlobalSection
	GlobalSection(ExtensibilityGlobals) = postSolution
		SolutionGuid = {60C4E9C8-81A1-4936-9E31-AFEFE8C8797D}
	EndGlobalSection
EndGlobal
